
Microsoft Visual Studio Solution File, Format Version 12.00
# Visual Studio 14
VisualStudioVersion = 14.0.25420.1
MinimumVisualStudioVersion = 10.0.40219.1
Project("{FAE04EC0-301F-11D3-BF4B-00C04F79EFBC}") = "NetCashWebSite", "NetCashWebSite\NetCashWebSite.csproj", "{59B7E155-88E1-4370-A651-E6616D7FCC29}"
EndProject
Project("{FAE04EC0-301F-11D3-BF4B-00C04F79EFBC}") = "BankingFramework", "BankingFramework\BankingFramework.csproj", "{478C3A72-B9D6-46F1-A0C5-DE7E3A06F332}"
EndProject
Project("{FAE04EC0-301F-11D3-BF4B-00C04F79EFBC}") = "NetCashATM", "NetCashATM\NetCashATM\NetCashATM.csproj", "{3614D893-2999-44C2-881A-A37ABA2C753C}"
EndProject
Project("{FAE04EC0-301F-11D3-BF4B-00C04F79EFBC}") = "NetCash.Test", "NetCash.Test\NetCash.Test.csproj", "{EF8AF654-41F8-445F-9B99-386EE65377BB}"
EndProject
Global
	GlobalSection(SolutionConfigurationPlatforms) = preSolution
		Debug|Any CPU = Debug|Any CPU
		Release|Any CPU = Release|Any CPU
	EndGlobalSection
	GlobalSection(ProjectConfigurationPlatforms) = postSolution
		{59B7E155-88E1-4370-A651-E6616D7FCC29}.Debug|Any CPU.ActiveCfg = Debug|Any CPU
		{59B7E155-88E1-4370-A651-E6616D7FCC29}.Debug|Any CPU.Build.0 = Debug|Any CPU
		{59B7E155-88E1-4370-A651-E6616D7FCC29}.Release|Any CPU.ActiveCfg = Release|Any CPU
		{59B7E155-88E1-4370-A651-E6616D7FCC29}.Release|Any CPU.Build.0 = Release|Any CPU
		{478C3A72-B9D6-46F1-A0C5-DE7E3A06F332}.Debug|Any CPU.ActiveCfg = Debug|Any CPU
		{478C3A72-B9D6-46F1-A0C5-DE7E3A06F332}.Debug|Any CPU.Build.0 = Debug|Any CPU
		{478C3A72-B9D6-46F1-A0C5-DE7E3A06F332}.Release|Any CPU.ActiveCfg = Release|Any CPU
		{478C3A72-B9D6-46F1-A0C5-DE7E3A06F332}.Release|Any CPU.Build.0 = Release|Any CPU
		{3614D893-2999-44C2-881A-A37ABA2C753C}.Debug|Any CPU.ActiveCfg = Debug|Any CPU
		{3614D893-2999-44C2-881A-A37ABA2C753C}.Debug|Any CPU.Build.0 = Debug|Any CPU
		{3614D893-2999-44C2-881A-A37ABA2C753C}.Release|Any CPU.ActiveCfg = Release|Any CPU
		{3614D893-2999-44C2-881A-A37ABA2C753C}.Release|Any CPU.Build.0 = Release|Any CPU
		{EF8AF654-41F8-445F-9B99-386EE65377BB}.Debug|Any CPU.ActiveCfg = Debug|Any CPU
		{EF8AF654-41F8-445F-9B99-386EE65377BB}.Debug|Any CPU.Build.0 = Debug|Any CPU
		{EF8AF654-41F8-445F-9B99-386EE65377BB}.Release|Any CPU.ActiveCfg = Release|Any CPU
		{EF8AF654-41F8-445F-9B99-386EE65377BB}.Release|Any CPU.Build.0 = Release|Any CPU
	EndGlobalSection
	GlobalSection(SolutionProperties) = preSolution
		HideSolutionNode = FALSE
	EndGlobalSection
EndGlobal
